<Solution>
  <Folder Name="/root/">
    <File Path=".gitignore" />
  </Folder>
  <Folder Name="/src/">
    <Project Path="C4.Application/C4.Application.csproj" />
    <Project Path="C4.Domain/C4.Domain.csproj" />
    <Project Path="C4.Infrastructure/C4.Infrastructure.csproj" />
    <Project Path="C4.WebApi/C4.WebApi.csproj" />
  </Folder>
  <Folder Name="/test/" />
</Solution>
